
Microsoft Visual Studio Solution File, Format Version 12.00
# Visual Studio Version 16
VisualStudioVersion = 16.0.31702.278
MinimumVisualStudioVersion = 10.0.40219.1
Project("{FAE04EC0-301F-11D3-BF4B-00C04F79EFBC}") = "BibliotecaAPI", "BibliotecaAPI.csproj", "{BD70B1D3-E162-44CF-9DCE-8677DE4BC4AA}"
EndProject
Global
	GlobalSection(SolutionConfigurationPlatforms) = preSolution
		Debug|Any CPU = Debug|Any CPU
		Release|Any CPU = Release|Any CPU
	EndGlobalSection
	GlobalSection(ProjectConfigurationPlatforms) = postSolution
		{BD70B1D3-E162-44CF-9DCE-8677DE4BC4AA}.Debug|Any CPU.ActiveCfg = Debug|Any CPU
		{BD70B1D3-E162-44CF-9DCE-8677DE4BC4AA}.Debug|Any CPU.Build.0 = Debug|Any CPU
		{BD70B1D3-E162-44CF-9DCE-8677DE4BC4AA}.Release|Any CPU.ActiveCfg = Release|Any CPU
		{BD70B1D3-E162-44CF-9DCE-8677DE4BC4AA}.Release|Any CPU.Build.0 = Release|Any CPU
	EndGlobalSection
	GlobalSection(SolutionProperties) = preSolution
		HideSolutionNode = FALSE
	EndGlobalSection
	GlobalSection(ExtensibilityGlobals) = postSolution
		SolutionGuid = {3075B72C-7586-4F37-BC51-EC2A3BCA4A67}
	EndGlobalSection
EndGlobal
